
Microsoft Visual Studio Solution File, Format Version 12.00
# Visual Studio Version 17
VisualStudioVersion = 17.4.33122.133
MinimumVisualStudioVersion = 10.0.40219.1
Project("{8BC9CEB8-8B4A-11D0-8D11-00A0C91BC942}") = "Graphic_KR", "Graphic_KR\Graphic_KR.vcxproj", "{3FA6D75B-BCCE-4945-A079-0FA5F287CDAD}"
EndProject
Global
	GlobalSection(SolutionConfigurationPlatforms) = preSolution
		Debug|x64 = Debug|x64
		Debug|x86 = Debug|x86
		Release|x64 = Release|x64
		Release|x86 = Release|x86
	EndGlobalSection
	GlobalSection(ProjectConfigurationPlatforms) = postSolution
		{3FA6D75B-BCCE-4945-A079-0FA5F287CDAD}.Debug|x64.ActiveCfg = Debug|x64
		{3FA6D75B-BCCE-4945-A079-0FA5F287CDAD}.Debug|x64.Build.0 = Debug|x64
		{3FA6D75B-BCCE-4945-A079-0FA5F287CDAD}.Debug|x86.ActiveCfg = Debug|Win32
		{3FA6D75B-BCCE-4945-A079-0FA5F287CDAD}.Debug|x86.Build.0 = Debug|Win32
		{3FA6D75B-BCCE-4945-A079-0FA5F287CDAD}.Release|x64.ActiveCfg = Release|x64
		{3FA6D75B-BCCE-4945-A079-0FA5F287CDAD}.Release|x64.Build.0 = Release|x64
		{3FA6D75B-BCCE-4945-A079-0FA5F287CDAD}.Release|x86.ActiveCfg = Release|Win32
		{3FA6D75B-BCCE-4945-A079-0FA5F287CDAD}.Release|x86.Build.0 = Release|Win32
	EndGlobalSection
	GlobalSection(SolutionProperties) = preSolution
		HideSolutionNode = FALSE
	EndGlobalSection
	GlobalSection(ExtensibilityGlobals) = postSolution
		SolutionGuid = {7B7DE9AE-AA1B-45FF-8A83-D3A809C8E292}
	EndGlobalSection
EndGlobal
